// !$*UTF8*$!
{
	archiveVersion = 1;
	classes = {
	};
	objectVersion = 46;
	objects = {

/* Begin PBXBuildFile section */
		2756EBB71C3DE09E008E1821 /* AppDelegate.swift in Sources */ = {isa = PBXBuildFile; fileRef = 2756EBB61C3DE09E008E1821 /* AppDelegate.swift */; };
		2756EBB91C3DE09E008E1821 /* ViewController.swift in Sources */ = {isa = PBXBuildFile; fileRef = 2756EBB81C3DE09E008E1821 /* ViewController.swift */; };
		2756EBBC1C3DE09E008E1821 /* Main.storyboard in Resources */ = {isa = PBXBuildFile; fileRef = 2756EBBA1C3DE09E008E1821 /* Main.storyboard */; };
		2756EBBE1C3DE09E008E1821 /* Assets.xcassets in Resources */ = {isa = PBXBuildFile; fileRef = 2756EBBD1C3DE09E008E1821 /* Assets.xcassets */; };
		2756EBC11C3DE09E008E1821 /* LaunchScreen.storyboard in Resources */ = {isa = PBXBuildFile; fileRef = 2756EBBF1C3DE09E008E1821 /* LaunchScreen.storyboard */; };
		2756EBCC1C3DE09E008E1821 /* Radial_ProgressUITests.swift in Sources */ = {isa = PBXBuildFile; fileRef = 2756EBCB1C3DE09E008E1821 /* Radial_ProgressUITests.swift */; };
		2756EBD71C3DE2D4008E1821 /* RadialProgressView.swift in Sources */ = {isa = PBXBuildFile; fileRef = 2756EBD61C3DE2D4008E1821 /* RadialProgressView.swift */; };
/* End PBXBuildFile section */

/* Begin PBXContainerItemProxy section */
		2756EBC81C3DE09E008E1821 /* PBXContainerItemProxy */ = {
			isa = PBXContainerItemProxy;
			containerPortal = 2756EBAB1C3DE09E008E1821 /* Project object */;
			proxyType = 1;
			remoteGlobalIDString = 2756EBB21C3DE09E008E1821;
			remoteInfo = "Radial Progress";
		};
/* End PBXContainerItemProxy section */

/* Begin PBXFileReference section */
		2756EBB31C3DE09E008E1821 /* Radial Progress.app */ = {isa = PBXFileReference; explicitFileType = wrapper.application; includeInIndex = 0; path = "Radial Progress.app"; sourceTree = BUILT_PRODUCTS_DIR; };
		2756EBB61C3DE09E008E1821 /* AppDelegate.swift */ = {isa = PBXFileReference; lastKnownFileType = sourcecode.swift; path = AppDelegate.swift; sourceTree = "<group>"; };
		2756EBB81C3DE09E008E1821 /* ViewController.swift */ = {isa = PBXFileReference; lastKnownFileType = sourcecode.swift; path = ViewController.swift; sourceTree = "<group>"; };
		2756EBBB1C3DE09E008E1821 /* Base */ = {isa = PBXFileReference; lastKnownFileType = file.storyboard; name = Base; path = Base.lproj/Main.storyboard; sourceTree = "<group>"; };
		2756EBBD1C3DE09E008E1821 /* Assets.xcassets */ = {isa = PBXFileReference; lastKnownFileType = folder.assetcatalog; path = Assets.xcassets; sourceTree = "<group>"; };
		2756EBC01C3DE09E008E1821 /* Base */ = {isa = PBXFileReference; lastKnownFileType = file.storyboard; name = Base; path = Base.lproj/LaunchScreen.storyboard; sourceTree = "<group>"; };
		2756EBC21C3DE09E008E1821 /* Info.plist */ = {isa = PBXFileReference; lastKnownFileType = text.plist.xml; path = Info.plist; sourceTree = "<group>"; };
		2756EBC71C3DE09E008E1821 /* Radial ProgressUITests.xctest */ = {isa = PBXFileReference; explicitFileType = wrapper.cfbundle; includeInIndex = 0; path = "Radial ProgressUITests.xctest"; sourceTree = BUILT_PRODUCTS_DIR; };
		2756EBCB1C3DE09E008E1821 /* Radial_ProgressUITests.swift */ = {isa = PBXFileReference; lastKnownFileType = sourcecode.swift; path = Radial_ProgressUITests.swift; sourceTree = "<group>"; };
		2756EBCD1C3DE09E008E1821 /* Info.plist */ = {isa = PBXFileReference; lastKnownFileType = text.plist.xml; path = Info.plist; sourceTree = "<group>"; };
		2756EBD61C3DE2D4008E1821 /* RadialProgressView.swift */ = {isa = PBXFileReference; fileEncoding = 4; lastKnownFileType = sourcecode.swift; path = RadialProgressView.swift; sourceTree = "<group>"; };
/* End PBXFileReference section */

/* Begin PBXFrameworksBuildPhase section */
		2756EBB01C3DE09E008E1821 /* Frameworks */ = {
			isa = PBXFrameworksBuildPhase;
			buildActionMask = 2147483647;
			files = (
			);
			runOnlyForDeploymentPostprocessing = 0;
		};
		2756EBC41C3DE09E008E1821 /* Frameworks */ = {
			isa = PBXFrameworksBuildPhase;
			buildActionMask = 2147483647;
			files = (
			);
			runOnlyForDeploymentPostprocessing = 0;
		};
/* End PBXFrameworksBuildPhase section */

/* Begin PBXGroup section */
		2756EBAA1C3DE09E008E1821 = {
			isa = PBXGroup;
			children = (
				2756EBB51C3DE09E008E1821 /* Radial Progress */,
				2756EBCA1C3DE09E008E1821 /* Radial ProgressUITests */,
				2756EBB41C3DE09E008E1821 /* Products */,
			);
			sourceTree = "<group>";
		};
		2756EBB41C3DE09E008E1821 /* Products */ = {
			isa = PBXGroup;
			children = (
				2756EBB31C3DE09E008E1821 /* Radial Progress.app */,
				2756EBC71C3DE09E008E1821 /* Radial ProgressUITests.xctest */,
			);
			name = Products;
			sourceTree = "<group>";
		};
		2756EBB51C3DE09E008E1821 /* Radial Progress */ = {
			isa = PBXGroup;
			children = (
				2756EBB61C3DE09E008E1821 /* AppDelegate.swift */,
				2756EBB81C3DE09E008E1821 /* ViewController.swift */,
				2756EBBA1C3DE09E008E1821 /* Main.storyboard */,
				2756EBBD1C3DE09E008E1821 /* Assets.xcassets */,
				2756EBBF1C3DE09E008E1821 /* LaunchScreen.storyboard */,
				2756EBC21C3DE09E008E1821 /* Info.plist */,
				2756EBD61C3DE2D4008E1821 /* RadialProgressView.swift */,
			);
			path = "Radial Progress";
			sourceTree = "<group>";
		};
		2756EBCA1C3DE09E008E1821 /* Radial ProgressUITests */ = {
			isa = PBXGroup;
			children = (
				2756EBCB1C3DE09E008E1821 /* Radial_ProgressUITests.swift */,
				2756EBCD1C3DE09E008E1821 /* Info.plist */,
			);
			path = "Radial ProgressUITests";
			sourceTree = "<group>";
		};
/* End PBXGroup section */

/* Begin PBXNativeTarget section */
		2756EBB21C3DE09E008E1821 /* Radial Progress */ = {
			isa = PBXNativeTarget;
			buildConfigurationList = 2756EBD01C3DE09E008E1821 /* Build configuration list for PBXNativeTarget "Radial Progress" */;
			buildPhases = (
				2756EBAF1C3DE09E008E1821 /* Sources */,
				2756EBB01C3DE09E008E1821 /* Frameworks */,
				2756EBB11C3DE09E008E1821 /* Resources */,
			);
			buildRules = (
			);
			dependencies = (
			);
			name = "Radial Progress";
			productName = "Radial Progress";
			productReference = 2756EBB31C3DE09E008E1821 /* Radial Progress.app */;
			productType = "com.apple.product-type.application";
		};
		2756EBC61C3DE09E008E1821 /* Radial ProgressUITests */ = {
			isa = PBXNativeTarget;
			buildConfigurationList = 2756EBD31C3DE09E008E1821 /* Build configuration list for PBXNativeTarget "Radial ProgressUITests" */;
			buildPhases = (
				2756EBC31C3DE09E008E1821 /* Sources */,
				2756EBC41C3DE09E008E1821 /* Frameworks */,
				2756EBC51C3DE09E008E1821 /* Resources */,
			);
			buildRules = (
			);
			dependencies = (
				2756EBC91C3DE09E008E1821 /* PBXTargetDependency */,
			);
			name = "Radial ProgressUITests";
			productName = "Radial ProgressUITests";
			productReference = 2756EBC71C3DE09E008E1821 /* Radial ProgressUITests.xctest */;
			productType = "com.apple.product-type.bundle.ui-testing";
		};
/* End PBXNativeTarget section */

/* Begin PBXProject section */
		2756EBAB1C3DE09E008E1821 /* Project object */ = {
			isa = PBXProject;
			attributes = {
				LastSwiftUpdateCheck = 0720;
				LastUpgradeCheck = 0720;
				ORGANIZATIONNAME = "Kyle Shaver";
				TargetAttributes = {
					2756EBB21C3DE09E008E1821 = {
						CreatedOnToolsVersion = 7.2;
					};
					2756EBC61C3DE09E008E1821 = {
						CreatedOnToolsVersion = 7.2;
						TestTargetID = 2756EBB21C3DE09E008E1821;
					};
				};
			};
			buildConfigurationList = 2756EBAE1C3DE09E008E1821 /* Build configuration list for PBXProject "Radial Progress" */;
			compatibilityVersion = "Xcode 3.2";
			developmentRegion = English;
			hasScannedForEncodings = 0;
			knownRegions = (
				en,
				Base,
			);
			mainGroup = 2756EBAA1C3DE09E008E1821;
			productRefGroup = 2756EBB41C3DE09E008E1821 /* Products */;
			projectDirPath = "";
			projectRoot = "";
			targets = (
				2756EBB21C3DE09E008E1821 /* Radial Progress */,
				2756EBC61C3DE09E008E1821 /* Radial ProgressUITests */,
			);
		};
/* End PBXProject section */

/* Begin PBXResourcesBuildPhase section */
		2756EBB11C3DE09E008E1821 /* Resources */ = {
			isa = PBXResourcesBuildPhase;
			buildActionMask = 2147483647;
			files = (
				2756EBC11C3DE09E008E1821 /* LaunchScreen.storyboard in Resources */,
				2756EBBE1C3DE09E008E1821 /* Assets.xcassets in Resources */,
				2756EBBC1C3DE09E008E1821 /* Main.storyboard in Resources */,
			);
			runOnlyForDeploymentPostprocessing = 0;
		};
		2756EBC51C3DE09E008E1821 /* Resources */ = {
			isa = PBXResourcesBuildPhase;
			buildActionMask = 2147483647;
			files = (
			);
			runOnlyForDeploymentPostprocessing = 0;
		};
/* End PBXResourcesBuildPhase section */

/* Begin PBXSourcesBuildPhase section */
		2756EBAF1C3DE09E008E1821 /* Sources */ = {
			isa = PBXSourcesBuildPhase;
			buildActionMask = 2147483647;
			files = (
				2756EBB91C3DE09E008E1821 /* ViewController.swift in Sources */,
				2756EBB71C3DE09E008E1821 /* AppDelegate.swift in Sources */,
				2756EBD71C3DE2D4008E1821 /* RadialProgressView.swift in Sources */,
			);
			runOnlyForDeploymentPostprocessing = 0;
		};
		2756EBC31C3DE09E008E1821 /* Sources */ = {
			isa = PBXSourcesBuildPhase;
			buildActionMask = 2147483647;
			files = (
				2756EBCC1C3DE09E008E1821 /* Radial_ProgressUITests.swift in Sources */,
			);
			runOnlyForDeploymentPostprocessing = 0;
		};
/* End PBXSourcesBuildPhase section */

/* Begin PBXTargetDependency section */
		2756EBC91C3DE09E008E1821 /* PBXTargetDependency */ = {
			isa = PBXTargetDependency;
			target = 2756EBB21C3DE09E008E1821 /* Radial Progress */;
			targetProxy = 2756EBC81C3DE09E008E1821 /* PBXContainerItemProxy */;
		};
/* End PBXTargetDependency section */

/* Begin PBXVariantGroup section */
		2756EBBA1C3DE09E008E1821 /* Main.storyboard */ = {
			isa = PBXVariantGroup;
			children = (
				2756EBBB1C3DE09E008E1821 /* Base */,
			);
			name = Main.storyboard;
			sourceTree = "<group>";
		};
		2756EBBF1C3DE09E008E1821 /* LaunchScreen.storyboard */ = {
			isa = PBXVariantGroup;
			children = (
				2756EBC01C3DE09E008E1821 /* Base */,
			);
			name = LaunchScreen.storyboard;
			sourceTree = "<group>";
		};
/* End PBXVariantGroup section */

/* Begin XCBuildConfiguration section */
		2756EBCE1C3DE09E008E1821 /* Debug */ = {
			isa = XCBuildConfiguration;
			buildSettings = {
				ALWAYS_SEARCH_USER_PATHS = NO;
				CLANG_CXX_LANGUAGE_STANDARD = "gnu++0x";
				CLANG_CXX_LIBRARY = "libc++";
				CLANG_ENABLE_MODULES = YES;
				CLANG_ENABLE_OBJC_ARC = YES;
				CLANG_WARN_BOOL_CONVERSION = YES;
				CLANG_WARN_CONSTANT_CONVERSION = YES;
				CLANG_WARN_DIRECT_OBJC_ISA_USAGE = YES_ERROR;
				CLANG_WARN_EMPTY_BODY = YES;
				CLANG_WARN_ENUM_CONVERSION = YES;
				CLANG_WARN_INT_CONVERSION = YES;
				CLANG_WARN_OBJC_ROOT_CLASS = YES_ERROR;
				CLANG_WARN_UNREACHABLE_CODE = YES;
				CLANG_WARN__DUPLICATE_METHOD_MATCH = YES;
				"CODE_SIGN_IDENTITY[sdk=iphoneos*]" = "iPhone Developer";
				COPY_PHASE_STRIP = NO;
				DEBUG_INFORMATION_FORMAT = dwarf;
				ENABLE_STRICT_OBJC_MSGSEND = YES;
				ENABLE_TESTABILITY = YES;
				GCC_C_LANGUAGE_STANDARD = gnu99;
				GCC_DYNAMIC_NO_PIC = NO;
				GCC_NO_COMMON_BLOCKS = YES;
				GCC_OPTIMIZATION_LEVEL = 0;
				GCC_PREPROCESSOR_DEFINITIONS = (
					"DEBUG=1",
					"$(inherited)",
				);
				GCC_WARN_64_TO_32_BIT_CONVERSION = YES;
				GCC_WARN_ABOUT_RETURN_TYPE = YES_ERROR;
				GCC_WARN_UNDECLARED_SELECTOR = YES;
				GCC_WARN_UNINITIALIZED_AUTOS = YES_AGGRESSIVE;
				GCC_WARN_UNUSED_FUNCTION = YES;
				GCC_WARN_UNUSED_VARIABLE = YES;
				IPHONEOS_DEPLOYMENT_TARGET = 9.2;
				MTL_ENABLE_DEBUG_INFO = YES;
				ONLY_ACTIVE_ARCH = YES;
				SDKROOT = iphoneos;
				SWIFT_OPTIMIZATION_LEVEL = "-Onone";
				TARGETED_DEVICE_FAMILY = "1,2";
			};
			name = Debug;
		};
		2756EBCF1C3DE09E008E1821 /* Release */ = {
			isa = XCBuildConfiguration;
			buildSettings = {
				ALWAYS_SEARCH_USER_PATHS = NO;
				CLANG_CXX_LANGUAGE_STANDARD = "gnu++0x";
				CLANG_CXX_LIBRARY = "libc++";
				CLANG_ENABLE_MODULES = YES;
				CLANG_ENABLE_OBJC_ARC = YES;
				CLANG_WARN_BOOL_CONVERSION = YES;
				CLANG_WARN_CONSTANT_CONVERSION = YES;
				CLANG_WARN_DIRECT_OBJC_ISA_USAGE = YES_ERROR;
				CLANG_WARN_EMPTY_BODY = YES;
				CLANG_WARN_ENUM_CONVERSION = YES;
				CLANG_WARN_INT_CONVERSION = YES;
				CLANG_WARN_OBJC_ROOT_CLASS = YES_ERROR;
				CLANG_WARN_UNREACHABLE_CODE = YES;
				CLANG_WARN__DUPLICATE_METHOD_MATCH = YES;
				"CODE_SIGN_IDENTITY[sdk=iphoneos*]" = "iPhone Developer";
				COPY_PHASE_STRIP = NO;
				DEBUG_INFORMATION_FORMAT = "dwarf-with-dsym";
				ENABLE_NS_ASSERTIONS = NO;
				ENABLE_STRICT_OBJC_MSGSEND = YES;
				GCC_C_LANGUAGE_STANDARD = gnu99;
				GCC_NO_COMMON_BLOCKS = YES;
				GCC_WARN_64_TO_32_BIT_CONVERSION = YES;
				GCC_WARN_ABOUT_RETURN_TYPE = YES_ERROR;
				GCC_WARN_UNDECLARED_SELECTOR = YES;
				GCC_WARN_UNINITIALIZED_AUTOS = YES_AGGRESSIVE;
				GCC_WARN_UNUSED_FUNCTION = YES;
				GCC_WARN_UNUSED_VARIABLE = YES;
				IPHONEOS_DEPLOYMENT_TARGET = 9.2;
				MTL_ENABLE_DEBUG_INFO = NO;
				SDKROOT = iphoneos;
				TARGETED_DEVICE_FAMILY = "1,2";
				VALIDATE_PRODUCT = YES;
			};
			name = Release;
		};
		2756EBD11C3DE09E008E1821 /* Debug */ = {
			isa = XCBuildConfiguration;
			buildSettings = {
				ASSETCATALOG_COMPILER_APPICON_NAME = AppIcon;
				INFOPLIST_FILE = "Radial Progress/Info.plist";
				LD_RUNPATH_SEARCH_PATHS = "$(inherited) @executable_path/Frameworks";
				PRODUCT_BUNDLE_IDENTIFIER = "com.kyleshaver.Radial-Progress";
				PRODUCT_NAME = "$(TARGET_NAME)";
			};
			name = Debug;
		};
		2756EBD21C3DE09E008E1821 /* Release */ = {
			isa = XCBuildConfiguration;
			buildSettings = {
				ASSETCATALOG_COMPILER_APPICON_NAME = AppIcon;
				INFOPLIST_FILE = "Radial Progress/Info.plist";
				LD_RUNPATH_SEARCH_PATHS = "$(inherited) @executable_path/Frameworks";
				PRODUCT_BUNDLE_IDENTIFIER = "com.kyleshaver.Radial-Progress";
				PRODUCT_NAME = "$(TARGET_NAME)";
			};
			name = Release;
		};
		2756EBD41C3DE09E008E1821 /* Debug */ = {
			isa = XCBuildConfiguration;
			buildSettings = {
				INFOPLIST_FILE = "Radial ProgressUITests/Info.plist";
				LD_RUNPATH_SEARCH_PATHS = "$(inherited) @executable_path/Frameworks @loader_path/Frameworks";
				PRODUCT_BUNDLE_IDENTIFIER = "com.kyleshaver.Radial-ProgressUITests";
				PRODUCT_NAME = "$(TARGET_NAME)";
				TEST_TARGET_NAME = "Radial Progress";
				USES_XCTRUNNER = YES;
			};
			name = Debug;
		};
		2756EBD51C3DE09E008E1821 /* Release */ = {
			isa = XCBuildConfiguration;
			buildSettings = {
				INFOPLIST_FILE = "Radial ProgressUITests/Info.plist";
				LD_RUNPATH_SEARCH_PATHS = "$(inherited) @executable_path/Frameworks @loader_path/Frameworks";
				PRODUCT_BUNDLE_IDENTIFIER = "com.kyleshaver.Radial-ProgressUITests";
				PRODUCT_NAME = "$(TARGET_NAME)";
				TEST_TARGET_NAME = "Radial Progress";
				USES_XCTRUNNER = YES;
			};
			name = Release;
		};
/* End XCBuildConfiguration section */

/* Begin XCConfigurationList section */
		2756EBAE1C3DE09E008E1821 /* Build configuration list for PBXProject "Radial Progress" */ = {
			isa = XCConfigurationList;
			buildConfigurations = (
				2756EBCE1C3DE09E008E1821 /* Debug */,
				2756EBCF1C3DE09E008E1821 /* Release */,
			);
			defaultConfigurationIsVisible = 0;
			defaultConfigurationName = Release;
		};
		2756EBD01C3DE09E008E1821 /* Build configuration list for PBXNativeTarget "Radial Progress" */ = {
			isa = XCConfigurationList;
			buildConfigurations = (
				2756EBD11C3DE09E008E1821 /* Debug */,
				2756EBD21C3DE09E008E1821 /* Release */,
			);
			defaultConfigurationIsVisible = 0;
			defaultConfigurationName = Release;
		};
		2756EBD31C3DE09E008E1821 /* Build configuration list for PBXNativeTarget "Radial ProgressUITests" */ = {
			isa = XCConfigurationList;
			buildConfigurations = (
				2756EBD41C3DE09E008E1821 /* Debug */,
				2756EBD51C3DE09E008E1821 /* Release */,
			);
			defaultConfigurationIsVisible = 0;
			defaultConfigurationName = Release;
		};
/* End XCConfigurationList section */
	};
	rootObject = 2756EBAB1C3DE09E008E1821 /* Project object */;
}
